
Microsoft Visual Studio Solution File, Format Version 12.00
# Visual Studio 2013
VisualStudioVersion = 12.0.31101.0
MinimumVisualStudioVersion = 10.0.40219.1
Project("{FAE04EC0-301F-11D3-BF4B-00C04F79EFBC}") = "02. NestedLists.html", "02. NestedLists\02. NestedLists.html.csproj", "{895F90AD-28BC-44F4-8532-65E83EBAA8AE}"
EndProject
Project("{FAE04EC0-301F-11D3-BF4B-00C04F79EFBC}") = "01. RunnersHomePage.html", "01. RunnersHomePage\01. RunnersHomePage.html.csproj", "{495E6AAC-AB2C-4BA6-9BD0-40A773E93E17}"
EndProject
Project("{FAE04EC0-301F-11D3-BF4B-00C04F79EFBC}") = "03. SocialSite.html", "03.SocialSite\03. SocialSite.html.csproj", "{F062F876-4C55-4DEE-9FDB-A3324D99623F}"
EndProject
Global
	GlobalSection(SolutionConfigurationPlatforms) = preSolution
		Debug|Any CPU = Debug|Any CPU
		Release|Any CPU = Release|Any CPU
	EndGlobalSection
	GlobalSection(ProjectConfigurationPlatforms) = postSolution
		{895F90AD-28BC-44F4-8532-65E83EBAA8AE}.Debug|Any CPU.ActiveCfg = Debug|Any CPU
		{895F90AD-28BC-44F4-8532-65E83EBAA8AE}.Debug|Any CPU.Build.0 = Debug|Any CPU
		{895F90AD-28BC-44F4-8532-65E83EBAA8AE}.Release|Any CPU.ActiveCfg = Release|Any CPU
		{895F90AD-28BC-44F4-8532-65E83EBAA8AE}.Release|Any CPU.Build.0 = Release|Any CPU
		{495E6AAC-AB2C-4BA6-9BD0-40A773E93E17}.Debug|Any CPU.ActiveCfg = Debug|Any CPU
		{495E6AAC-AB2C-4BA6-9BD0-40A773E93E17}.Debug|Any CPU.Build.0 = Debug|Any CPU
		{495E6AAC-AB2C-4BA6-9BD0-40A773E93E17}.Release|Any CPU.ActiveCfg = Release|Any CPU
		{495E6AAC-AB2C-4BA6-9BD0-40A773E93E17}.Release|Any CPU.Build.0 = Release|Any CPU
		{F062F876-4C55-4DEE-9FDB-A3324D99623F}.Debug|Any CPU.ActiveCfg = Debug|Any CPU
		{F062F876-4C55-4DEE-9FDB-A3324D99623F}.Debug|Any CPU.Build.0 = Debug|Any CPU
		{F062F876-4C55-4DEE-9FDB-A3324D99623F}.Release|Any CPU.ActiveCfg = Release|Any CPU
		{F062F876-4C55-4DEE-9FDB-A3324D99623F}.Release|Any CPU.Build.0 = Release|Any CPU
	EndGlobalSection
	GlobalSection(SolutionProperties) = preSolution
		HideSolutionNode = FALSE
	EndGlobalSection
EndGlobal
